# This file was autogenerated by Stack.
# You should not edit this file by hand.
# For more information, please see the documentation at:
#   https://docs.haskellstack.org/en/stable/lock_files

packages:
- completed:
    hackage: amazonka-s3-streaming-1.1.0.0@sha256:96ee28b13de78a991aa3aa7f91107c8588d7fbe9a71a76caf2cf963cffacdcf4,2651
    pantry-tree:
      size: 391
      sha256: e8af2443c4232fdd165634f88f5feaff7eaf98dac1c5297486f6c7780bb90917
  original:
    hackage: amazonka-s3-streaming-1.1.0.0@sha256:96ee28b13de78a991aa3aa7f91107c8588d7fbe9a71a76caf2cf963cffacdcf4,2651
snapshots:
- completed:
    size: 491373
    url: https://raw.githubusercontent.com/commercialhaskell/stackage-snapshots/master/lts/15/3.yaml
    sha256: 29e9ff61b8bf4b4fcff55cde3ac106ebb971f0d21331dccac9eee63374fa6ca8
  original: lts-15.3
